
Microsoft Visual Studio Solution File, Format Version 12.00
# Visual Studio Version 17
VisualStudioVersion = 17.3.32901.215
MinimumVisualStudioVersion = 10.0.40219.1
Project("{FAE04EC0-301F-11D3-BF4B-00C04F79EFBC}") = "Smile", "WindowsFormsApp1\Smile.csproj", "{7BCE44A5-D684-4326-A2FE-DFD9187672F1}"
EndProject
Global
	GlobalSection(SolutionConfigurationPlatforms) = preSolution
		Debug|Any CPU = Debug|Any CPU
		Release|Any CPU = Release|Any CPU
	EndGlobalSection
	GlobalSection(ProjectConfigurationPlatforms) = postSolution
		{7BCE44A5-D684-4326-A2FE-DFD9187672F1}.Debug|Any CPU.ActiveCfg = Debug|Any CPU
		{7BCE44A5-D684-4326-A2FE-DFD9187672F1}.Debug|Any CPU.Build.0 = Debug|Any CPU
		{7BCE44A5-D684-4326-A2FE-DFD9187672F1}.Release|Any CPU.ActiveCfg = Release|Any CPU
		{7BCE44A5-D684-4326-A2FE-DFD9187672F1}.Release|Any CPU.Build.0 = Release|Any CPU
	EndGlobalSection
	GlobalSection(SolutionProperties) = preSolution
		HideSolutionNode = FALSE
	EndGlobalSection
	GlobalSection(ExtensibilityGlobals) = postSolution
		SolutionGuid = {8CF7E063-B40B-4BEF-9C43-12E4BBE50A1B}
	EndGlobalSection
EndGlobal
